
Microsoft Visual Studio Solution File, Format Version 12.00
# Visual Studio Version 17
VisualStudioVersion = 17.9.34723.18
MinimumVisualStudioVersion = 10.0.40219.1
Project("{FAE04EC0-301F-11D3-BF4B-00C04F79EFBC}") = "AllureReporting", "AllureReporting.csproj", "{66895986-6F57-46A3-B246-B8AC82A6EFE3}"
EndProject
Global
	GlobalSection(SolutionConfigurationPlatforms) = preSolution
		Debug|Any CPU = Debug|Any CPU
		Release|Any CPU = Release|Any CPU
	EndGlobalSection
	GlobalSection(ProjectConfigurationPlatforms) = postSolution
		{66895986-6F57-46A3-B246-B8AC82A6EFE3}.Debug|Any CPU.ActiveCfg = Debug|Any CPU
		{66895986-6F57-46A3-B246-B8AC82A6EFE3}.Debug|Any CPU.Build.0 = Debug|Any CPU
		{66895986-6F57-46A3-B246-B8AC82A6EFE3}.Release|Any CPU.ActiveCfg = Release|Any CPU
		{66895986-6F57-46A3-B246-B8AC82A6EFE3}.Release|Any CPU.Build.0 = Release|Any CPU
	EndGlobalSection
	GlobalSection(SolutionProperties) = preSolution
		HideSolutionNode = FALSE
	EndGlobalSection
	GlobalSection(ExtensibilityGlobals) = postSolution
		SolutionGuid = {7B450EFC-DECB-4A04-AB2E-F05DC290E898}
	EndGlobalSection
EndGlobal
